{
  "version": 4,
  "terraform_version": "0.12.13",
  "serial": 10,
  "lineage": "a529b1df-217c-b837-4c48-f2e0afa4bab2",
  "outputs": {},
  "resources": [
    {
      "mode": "data",
      "type": "openstack_networking_network_v2",
      "name": "extnet",
      "provider": "provider.openstack",
      "instances": [
        {
          "schema_version": 0,
          "attributes": {
            "admin_state_up": "true",
            "all_tags": [],
            "availability_zone_hints": [],
            "description": "",
            "dns_domain": "",
            "external": true,
            "id": "0a2228f2-7f8a-45f1-8e09-9039e1d09975",
            "matching_subnet_cidr": null,
            "mtu": 0,
            "name": "admin_external_net",
            "network_id": null,
            "region": "",
            "shared": "true",
            "status": null,
            "tags": null,
            "tenant_id": "4b7a4342e4b54d1590cfa088318ad732",
            "transparent_vlan": false
          }
        }
      ]
    },
    {
      "mode": "managed",
      "type": "openstack_compute_floatingip_associate_v2",
      "name": "webserver_fip",
      "each": "list",
      "provider": "provider.openstack",
      "instances": [
        {
          "index_key": 0,
          "schema_version": 0,
          "attributes": {
            "fixed_ip": "",
            "floating_ip": "80.158.46.248",
            "id": "80.158.46.248/5271bab8-dbb5-49f4-aad0-fbab77d6a977/",
            "instance_id": "5271bab8-dbb5-49f4-aad0-fbab77d6a977",
            "region": "",
            "timeouts": null,
            "wait_until_associated": true
          },
          "private": "eyJlMmJmYjczMC1lY2FhLTExZTYtOGY4OC0zNDM2M2JjN2M0YzAiOnsiY3JlYXRlIjo2MDAwMDAwMDAwMDB9fQ==",
          "depends_on": [
            "openstack_compute_instance_v2.webserver",
            "openstack_networking_floatingip_v2.fip"
          ]
        }
      ]
    },
    {
      "mode": "managed",
      "type": "openstack_compute_instance_v2",
      "name": "webserver",
      "each": "list",
      "provider": "provider.openstack",
      "instances": [
        {
          "index_key": 0,
          "schema_version": 0,
          "attributes": {
            "access_ip_v4": "192.168.10.80",
            "access_ip_v6": "",
            "admin_pass": null,
            "all_metadata": {},
            "all_tags": [],
            "availability_zone": "eu-de-02",
            "block_device": [],
            "config_drive": null,
            "flavor_id": "s2.medium.4",
            "flavor_name": "s2.medium.4",
            "floating_ip": null,
            "force_delete": false,
            "id": "5271bab8-dbb5-49f4-aad0-fbab77d6a977",
            "image_id": "6c54ec61-8366-4487-9718-b69e08dca521",
            "image_name": "Standard_CentOS_7_latest",
            "key_pair": "terraform-terraform_key",
            "metadata": null,
            "name": "terraform-webserver01",
            "network": [
              {
                "access_network": false,
                "fixed_ip_v4": "192.168.10.80",
                "fixed_ip_v6": "",
                "floating_ip": "",
                "mac": "fa:16:3e:1a:fe:78",
                "name": "terraform-network",
                "port": "",
                "uuid": "3023122d-e8e6-49fc-86fe-d7d6792ec46a"
              }
            ],
            "personality": [],
            "power_state": "active",
            "region": "",
            "scheduler_hints": [],
            "security_groups": [
              "terraform-secgrp-web"
            ],
            "stop_before_destroy": false,
            "tags": null,
            "timeouts": null,
            "user_data": null,
            "vendor_options": [],
            "volume": []
          },
          "private": "eyJlMmJmYjczMC1lY2FhLTExZTYtOGY4OC0zNDM2M2JjN2M0YzAiOnsiY3JlYXRlIjoxODAwMDAwMDAwMDAwLCJkZWxldGUiOjE4MDAwMDAwMDAwMDAsInVwZGF0ZSI6MTgwMDAwMDAwMDAwMH19",
          "depends_on": [
            "openstack_compute_keypair_v2.keypair",
            "openstack_compute_secgroup_v2.secgrp_web",
            "openstack_networking_network_v2.network",
            "openstack_networking_router_interface_v2.interface"
          ]
        }
      ]
    },
    {
      "mode": "managed",
      "type": "openstack_compute_keypair_v2",
      "name": "keypair",
      "provider": "provider.openstack",
      "instances": [
        {
          "schema_version": 0,
          "attributes": {
            "fingerprint": "1f:3e:03:31:06:4b:eb:ab:b4:02:1f:3b:e0:91:55:c8",
            "id": "terraform-terraform_key",
            "name": "terraform-terraform_key",
            "private_key": "",
            "public_key": "ssh-rsa AAAAB3NzaC1yc2EAAAADAQABAAABAQC8BwI8ZEvDoNv5qraG5lMiX1EsJUYIY58GDWs49oGBKfCY1rJXvccq6EW/d2aDo8zVR5s1JZ997L2Kzdq4Ra2jf+p40F21dj8pHfnzeipiOYcaqmFaotq7pnxWuxgxzIQ1s8AKmmBhmkf8G78vkJpqxlfNLFCKGFpMZs34UZY8d7h772m8MZE6GVwnDtxG1emlHsOe1s46/NQhsVR1Y5GNYgrGX57acoo+zhCyXxPMncjMj/fTVpT+hDSpb3zC/r1CZ0tsdJywZeSXZJ+iWwVu22404fnIAY3qNQHaT48AkDd7cVDk+nv9KjUrQixkr2txCyEsj0ylLtZclQa9t/6B broerman@nb4\n",
            "region": "",
            "value_specs": null
          },
          "private": "bnVsbA=="
        }
      ]
    },
    {
      "mode": "managed",
      "type": "openstack_compute_secgroup_v2",
      "name": "secgrp_web",
      "provider": "provider.openstack",
      "instances": [
        {
          "schema_version": 0,
          "attributes": {
            "description": "Webserver Security Group",
            "id": "1d49c12a-714d-47db-aa26-90c41d47d7f6",
            "name": "terraform-secgrp-web",
            "region": "",
            "rule": [
              {
                "cidr": "0.0.0.0/0",
                "from_group_id": "",
                "from_port": -1,
                "id": "c18afa10-ff47-441d-bf9c-7ecb3db13c83",
                "ip_protocol": "icmp",
                "self": false,
                "to_port": -1
              },
              {
                "cidr": "0.0.0.0/0",
                "from_group_id": "",
                "from_port": 22,
                "id": "b8577715-a7a0-42d9-8f66-7e71e84b86f5",
                "ip_protocol": "tcp",
                "self": false,
                "to_port": 22
              },
              {
                "cidr": "0.0.0.0/0",
                "from_group_id": "",
                "from_port": 80,
                "id": "66855bdf-77f0-42ce-be47-e7ad7647e293",
                "ip_protocol": "tcp",
                "self": false,
                "to_port": 80
              }
            ],
            "timeouts": null
          },
          "private": "eyJlMmJmYjczMC1lY2FhLTExZTYtOGY4OC0zNDM2M2JjN2M0YzAiOnsiZGVsZXRlIjo2MDAwMDAwMDAwMDB9fQ=="
        }
      ]
    },
    {
      "mode": "managed",
      "type": "openstack_networking_floatingip_v2",
      "name": "fip",
      "each": "list",
      "provider": "provider.openstack",
      "instances": [
        {
          "index_key": 0,
          "schema_version": 0,
          "attributes": {
            "address": "80.158.46.248",
            "all_tags": [],
            "description": "",
            "dns_domain": "reverse.open-telekom-cloud.com.",
            "dns_name": "ecs-80-158-46-248",
            "fixed_ip": "",
            "id": "00317b65-c5f6-44dc-a0c7-f1088e3a0b7a",
            "pool": "admin_external_net",
            "port_id": "",
            "region": "",
            "subnet_id": null,
            "tags": null,
            "tenant_id": "f363a5a9e80f4907bb729f08c487195b",
            "timeouts": null,
            "value_specs": null
          },
          "private": "eyJlMmJmYjczMC1lY2FhLTExZTYtOGY4OC0zNDM2M2JjN2M0YzAiOnsiY3JlYXRlIjo2MDAwMDAwMDAwMDAsImRlbGV0ZSI6NjAwMDAwMDAwMDAwfX0="
        }
      ]
    },
    {
      "mode": "managed",
      "type": "openstack_networking_network_v2",
      "name": "network",
      "provider": "provider.openstack",
      "instances": [
        {
          "schema_version": 0,
          "attributes": {
            "admin_state_up": true,
            "all_tags": [],
            "availability_zone_hints": [],
            "description": "",
            "dns_domain": "eu-de.compute.internal.",
            "external": false,
            "id": "3023122d-e8e6-49fc-86fe-d7d6792ec46a",
            "mtu": 0,
            "name": "terraform-network",
            "port_security_enabled": false,
            "qos_policy_id": "",
            "region": "",
            "segments": [],
            "shared": false,
            "tags": null,
            "tenant_id": "f363a5a9e80f4907bb729f08c487195b",
            "timeouts": null,
            "transparent_vlan": false,
            "value_specs": null
          },
          "private": "eyJlMmJmYjczMC1lY2FhLTExZTYtOGY4OC0zNDM2M2JjN2M0YzAiOnsiY3JlYXRlIjo2MDAwMDAwMDAwMDAsImRlbGV0ZSI6NjAwMDAwMDAwMDAwfX0="
        }
      ]
    },
    {
      "mode": "managed",
      "type": "openstack_networking_router_interface_v2",
      "name": "interface",
      "provider": "provider.openstack",
      "instances": [
        {
          "schema_version": 0,
          "attributes": {
            "id": "53fa5d98-23bb-4ba0-bedd-75be88ca211f",
            "port_id": "53fa5d98-23bb-4ba0-bedd-75be88ca211f",
            "region": "",
            "router_id": "d8fba53f-c12b-43c6-9c31-c0ca70023e29",
            "subnet_id": "e8a912df-516b-44eb-a5f1-1264814b3e82",
            "timeouts": null
          },
          "private": "eyJlMmJmYjczMC1lY2FhLTExZTYtOGY4OC0zNDM2M2JjN2M0YzAiOnsiY3JlYXRlIjo2MDAwMDAwMDAwMDAsImRlbGV0ZSI6NjAwMDAwMDAwMDAwfX0=",
          "depends_on": [
            "openstack_networking_router_v2.router",
            "openstack_networking_subnet_v2.subnet"
          ]
        }
      ]
    },
    {
      "mode": "managed",
      "type": "openstack_networking_router_v2",
      "name": "router",
      "provider": "provider.openstack",
      "instances": [
        {
          "schema_version": 0,
          "attributes": {
            "admin_state_up": true,
            "all_tags": [],
            "availability_zone_hints": [],
            "description": "",
            "distributed": false,
            "enable_snat": false,
            "external_fixed_ip": [],
            "external_gateway": "0a2228f2-7f8a-45f1-8e09-9039e1d09975",
            "external_network_id": "0a2228f2-7f8a-45f1-8e09-9039e1d09975",
            "id": "d8fba53f-c12b-43c6-9c31-c0ca70023e29",
            "name": "terraform-router",
            "region": "",
            "tags": null,
            "tenant_id": "f363a5a9e80f4907bb729f08c487195b",
            "timeouts": null,
            "value_specs": null,
            "vendor_options": []
          },
          "private": "eyJlMmJmYjczMC1lY2FhLTExZTYtOGY4OC0zNDM2M2JjN2M0YzAiOnsiY3JlYXRlIjo2MDAwMDAwMDAwMDAsImRlbGV0ZSI6NjAwMDAwMDAwMDAwfX0=",
          "depends_on": [
            "data.openstack_networking_network_v2.extnet"
          ]
        }
      ]
    },
    {
      "mode": "managed",
      "type": "openstack_networking_subnet_v2",
      "name": "subnet",
      "provider": "provider.openstack",
      "instances": [
        {
          "schema_version": 0,
          "attributes": {
            "all_tags": [],
            "allocation_pool": [
              {
                "end": "192.168.10.252",
                "start": "192.168.10.2"
              }
            ],
            "allocation_pools": [
              {
                "end": "192.168.10.252",
                "start": "192.168.10.2"
              }
            ],
            "cidr": "192.168.10.0/24",
            "description": "",
            "dns_nameservers": [
              "8.8.8.8",
              "8.8.4.4"
            ],
            "enable_dhcp": true,
            "gateway_ip": "192.168.10.1",
            "host_routes": [],
            "id": "e8a912df-516b-44eb-a5f1-1264814b3e82",
            "ip_version": 4,
            "ipv6_address_mode": "",
            "ipv6_ra_mode": "",
            "name": "terraform-subnet",
            "network_id": "3023122d-e8e6-49fc-86fe-d7d6792ec46a",
            "no_gateway": false,
            "prefix_length": null,
            "region": "",
            "subnetpool_id": "",
            "tags": null,
            "tenant_id": "f363a5a9e80f4907bb729f08c487195b",
            "timeouts": null,
            "value_specs": null
          },
          "private": "eyJlMmJmYjczMC1lY2FhLTExZTYtOGY4OC0zNDM2M2JjN2M0YzAiOnsiY3JlYXRlIjo2MDAwMDAwMDAwMDAsImRlbGV0ZSI6NjAwMDAwMDAwMDAwfX0=",
          "depends_on": [
            "openstack_networking_network_v2.network"
          ]
        }
      ]
    }
  ]
}
